
Microsoft Visual Studio Solution File, Format Version 12.00
# Visual Studio Version 16
VisualStudioVersion = 16.0.30523.141
MinimumVisualStudioVersion = 10.0.40219.1
Project("{FAE04EC0-301F-11D3-BF4B-00C04F79EFBC}") = "LV.UWP", "LV\LV.UWP\LV.UWP.csproj", "{5044FAD4-40A2-4E5D-954A-92AC5B2D2AA9}"
EndProject
Project("{FAE04EC0-301F-11D3-BF4B-00C04F79EFBC}") = "LV.Android", "LV\LV.Android\LV.Android.csproj", "{E9920E80-6CFC-4370-8C72-9085A59EBCB1}"
EndProject
Project("{FAE04EC0-301F-11D3-BF4B-00C04F79EFBC}") = "LV.iOS", "LV\LV.iOS\LV.iOS.csproj", "{C02B4CE1-86E1-49C4-92DF-7C447C0A45BE}"
EndProject
Project("{FAE04EC0-301F-11D3-BF4B-00C04F79EFBC}") = "LV", "LV\LV\LV.csproj", "{E40722AC-84D2-44B7-A12B-459444B48282}"
EndProject
Global
	GlobalSection(SolutionConfigurationPlatforms) = preSolution
		Debug|Any CPU = Debug|Any CPU
		Debug|ARM = Debug|ARM
		Debug|iPhone = Debug|iPhone
		Debug|iPhoneSimulator = Debug|iPhoneSimulator
		Debug|x64 = Debug|x64
		Debug|x86 = Debug|x86
		Release|Any CPU = Release|Any CPU
		Release|ARM = Release|ARM
		Release|iPhone = Release|iPhone
		Release|iPhoneSimulator = Release|iPhoneSimulator
		Release|x64 = Release|x64
		Release|x86 = Release|x86
	EndGlobalSection
	GlobalSection(ProjectConfigurationPlatforms) = postSolution
		{5044FAD4-40A2-4E5D-954A-92AC5B2D2AA9}.Debug|Any CPU.ActiveCfg = Debug|x86
		{5044FAD4-40A2-4E5D-954A-92AC5B2D2AA9}.Debug|Any CPU.Build.0 = Debug|x86
		{5044FAD4-40A2-4E5D-954A-92AC5B2D2AA9}.Debug|Any CPU.Deploy.0 = Debug|x86
		{5044FAD4-40A2-4E5D-954A-92AC5B2D2AA9}.Debug|ARM.ActiveCfg = Debug|ARM
		{5044FAD4-40A2-4E5D-954A-92AC5B2D2AA9}.Debug|ARM.Build.0 = Debug|ARM
		{5044FAD4-40A2-4E5D-954A-92AC5B2D2AA9}.Debug|ARM.Deploy.0 = Debug|ARM
		{5044FAD4-40A2-4E5D-954A-92AC5B2D2AA9}.Debug|iPhone.ActiveCfg = Debug|x86
		{5044FAD4-40A2-4E5D-954A-92AC5B2D2AA9}.Debug|iPhone.Build.0 = Debug|x86
		{5044FAD4-40A2-4E5D-954A-92AC5B2D2AA9}.Debug|iPhone.Deploy.0 = Debug|x86
		{5044FAD4-40A2-4E5D-954A-92AC5B2D2AA9}.Debug|iPhoneSimulator.ActiveCfg = Debug|x86
		{5044FAD4-40A2-4E5D-954A-92AC5B2D2AA9}.Debug|iPhoneSimulator.Build.0 = Debug|x86
		{5044FAD4-40A2-4E5D-954A-92AC5B2D2AA9}.Debug|iPhoneSimulator.Deploy.0 = Debug|x86
		{5044FAD4-40A2-4E5D-954A-92AC5B2D2AA9}.Debug|x64.ActiveCfg = Debug|x64
		{5044FAD4-40A2-4E5D-954A-92AC5B2D2AA9}.Debug|x64.Build.0 = Debug|x64
		{5044FAD4-40A2-4E5D-954A-92AC5B2D2AA9}.Debug|x64.Deploy.0 = Debug|x64
		{5044FAD4-40A2-4E5D-954A-92AC5B2D2AA9}.Debug|x86.ActiveCfg = Debug|x86
		{5044FAD4-40A2-4E5D-954A-92AC5B2D2AA9}.Debug|x86.Build.0 = Debug|x86
		{5044FAD4-40A2-4E5D-954A-92AC5B2D2AA9}.Debug|x86.Deploy.0 = Debug|x86
		{5044FAD4-40A2-4E5D-954A-92AC5B2D2AA9}.Release|Any CPU.ActiveCfg = Release|x86
		{5044FAD4-40A2-4E5D-954A-92AC5B2D2AA9}.Release|Any CPU.Build.0 = Release|x86
		{5044FAD4-40A2-4E5D-954A-92AC5B2D2AA9}.Release|Any CPU.Deploy.0 = Release|x86
		{5044FAD4-40A2-4E5D-954A-92AC5B2D2AA9}.Release|ARM.ActiveCfg = Release|ARM
		{5044FAD4-40A2-4E5D-954A-92AC5B2D2AA9}.Release|ARM.Build.0 = Release|ARM
		{5044FAD4-40A2-4E5D-954A-92AC5B2D2AA9}.Release|ARM.Deploy.0 = Release|ARM
		{5044FAD4-40A2-4E5D-954A-92AC5B2D2AA9}.Release|iPhone.ActiveCfg = Release|x86
		{5044FAD4-40A2-4E5D-954A-92AC5B2D2AA9}.Release|iPhone.Build.0 = Release|x86
		{5044FAD4-40A2-4E5D-954A-92AC5B2D2AA9}.Release|iPhone.Deploy.0 = Release|x86
		{5044FAD4-40A2-4E5D-954A-92AC5B2D2AA9}.Release|iPhoneSimulator.ActiveCfg = Release|x86
		{5044FAD4-40A2-4E5D-954A-92AC5B2D2AA9}.Release|iPhoneSimulator.Build.0 = Release|x86
		{5044FAD4-40A2-4E5D-954A-92AC5B2D2AA9}.Release|iPhoneSimulator.Deploy.0 = Release|x86
		{5044FAD4-40A2-4E5D-954A-92AC5B2D2AA9}.Release|x64.ActiveCfg = Release|x64
		{5044FAD4-40A2-4E5D-954A-92AC5B2D2AA9}.Release|x64.Build.0 = Release|x64
		{5044FAD4-40A2-4E5D-954A-92AC5B2D2AA9}.Release|x64.Deploy.0 = Release|x64
		{5044FAD4-40A2-4E5D-954A-92AC5B2D2AA9}.Release|x86.ActiveCfg = Release|x86
		{5044FAD4-40A2-4E5D-954A-92AC5B2D2AA9}.Release|x86.Build.0 = Release|x86
		{5044FAD4-40A2-4E5D-954A-92AC5B2D2AA9}.Release|x86.Deploy.0 = Release|x86
		{E9920E80-6CFC-4370-8C72-9085A59EBCB1}.Debug|Any CPU.ActiveCfg = Debug|Any CPU
		{E9920E80-6CFC-4370-8C72-9085A59EBCB1}.Debug|Any CPU.Build.0 = Debug|Any CPU
		{E9920E80-6CFC-4370-8C72-9085A59EBCB1}.Debug|Any CPU.Deploy.0 = Debug|Any CPU
		{E9920E80-6CFC-4370-8C72-9085A59EBCB1}.Debug|ARM.ActiveCfg = Debug|Any CPU
		{E9920E80-6CFC-4370-8C72-9085A59EBCB1}.Debug|ARM.Build.0 = Debug|Any CPU
		{E9920E80-6CFC-4370-8C72-9085A59EBCB1}.Debug|ARM.Deploy.0 = Debug|Any CPU
		{E9920E80-6CFC-4370-8C72-9085A59EBCB1}.Debug|iPhone.ActiveCfg = Debug|Any CPU
		{E9920E80-6CFC-4370-8C72-9085A59EBCB1}.Debug|iPhone.Build.0 = Debug|Any CPU
		{E9920E80-6CFC-4370-8C72-9085A59EBCB1}.Debug|iPhone.Deploy.0 = Debug|Any CPU
		{E9920E80-6CFC-4370-8C72-9085A59EBCB1}.Debug|iPhoneSimulator.ActiveCfg = Debug|Any CPU
		{E9920E80-6CFC-4370-8C72-9085A59EBCB1}.Debug|iPhoneSimulator.Build.0 = Debug|Any CPU
		{E9920E80-6CFC-4370-8C72-9085A59EBCB1}.Debug|iPhoneSimulator.Deploy.0 = Debug|Any CPU
		{E9920E80-6CFC-4370-8C72-9085A59EBCB1}.Debug|x64.ActiveCfg = Debug|Any CPU
		{E9920E80-6CFC-4370-8C72-9085A59EBCB1}.Debug|x64.Build.0 = Debug|Any CPU
		{E9920E80-6CFC-4370-8C72-9085A59EBCB1}.Debug|x64.Deploy.0 = Debug|Any CPU
		{E9920E80-6CFC-4370-8C72-9085A59EBCB1}.Debug|x86.ActiveCfg = Debug|Any CPU
		{E9920E80-6CFC-4370-8C72-9085A59EBCB1}.Debug|x86.Build.0 = Debug|Any CPU
		{E9920E80-6CFC-4370-8C72-9085A59EBCB1}.Debug|x86.Deploy.0 = Debug|Any CPU
		{E9920E80-6CFC-4370-8C72-9085A59EBCB1}.Release|Any CPU.ActiveCfg = Release|Any CPU
		{E9920E80-6CFC-4370-8C72-9085A59EBCB1}.Release|Any CPU.Build.0 = Release|Any CPU
		{E9920E80-6CFC-4370-8C72-9085A59EBCB1}.Release|Any CPU.Deploy.0 = Release|Any CPU
		{E9920E80-6CFC-4370-8C72-9085A59EBCB1}.Release|ARM.ActiveCfg = Release|Any CPU
		{E9920E80-6CFC-4370-8C72-9085A59EBCB1}.Release|ARM.Build.0 = Release|Any CPU
		{E9920E80-6CFC-4370-8C72-9085A59EBCB1}.Release|ARM.Deploy.0 = Release|Any CPU
		{E9920E80-6CFC-4370-8C72-9085A59EBCB1}.Release|iPhone.ActiveCfg = Release|Any CPU
		{E9920E80-6CFC-4370-8C72-9085A59EBCB1}.Release|iPhone.Build.0 = Release|Any CPU
		{E9920E80-6CFC-4370-8C72-9085A59EBCB1}.Release|iPhone.Deploy.0 = Release|Any CPU
		{E9920E80-6CFC-4370-8C72-9085A59EBCB1}.Release|iPhoneSimulator.ActiveCfg = Release|Any CPU
		{E9920E80-6CFC-4370-8C72-9085A59EBCB1}.Release|iPhoneSimulator.Build.0 = Release|Any CPU
		{E9920E80-6CFC-4370-8C72-9085A59EBCB1}.Release|iPhoneSimulator.Deploy.0 = Release|Any CPU
		{E9920E80-6CFC-4370-8C72-9085A59EBCB1}.Release|x64.ActiveCfg = Release|Any CPU
		{E9920E80-6CFC-4370-8C72-9085A59EBCB1}.Release|x64.Build.0 = Release|Any CPU
		{E9920E80-6CFC-4370-8C72-9085A59EBCB1}.Release|x64.Deploy.0 = Release|Any CPU
		{E9920E80-6CFC-4370-8C72-9085A59EBCB1}.Release|x86.ActiveCfg = Release|Any CPU
		{E9920E80-6CFC-4370-8C72-9085A59EBCB1}.Release|x86.Build.0 = Release|Any CPU
		{E9920E80-6CFC-4370-8C72-9085A59EBCB1}.Release|x86.Deploy.0 = Release|Any CPU
		{C02B4CE1-86E1-49C4-92DF-7C447C0A45BE}.Debug|Any CPU.ActiveCfg = Debug|iPhoneSimulator
		{C02B4CE1-86E1-49C4-92DF-7C447C0A45BE}.Debug|Any CPU.Build.0 = Debug|iPhoneSimulator
		{C02B4CE1-86E1-49C4-92DF-7C447C0A45BE}.Debug|Any CPU.Deploy.0 = Debug|iPhoneSimulator
		{C02B4CE1-86E1-49C4-92DF-7C447C0A45BE}.Debug|ARM.ActiveCfg = Debug|iPhone
		{C02B4CE1-86E1-49C4-92DF-7C447C0A45BE}.Debug|ARM.Build.0 = Debug|iPhone
		{C02B4CE1-86E1-49C4-92DF-7C447C0A45BE}.Debug|ARM.Deploy.0 = Debug|iPhone
		{C02B4CE1-86E1-49C4-92DF-7C447C0A45BE}.Debug|iPhone.ActiveCfg = Debug|iPhone
		{C02B4CE1-86E1-49C4-92DF-7C447C0A45BE}.Debug|iPhone.Build.0 = Debug|iPhone
		{C02B4CE1-86E1-49C4-92DF-7C447C0A45BE}.Debug|iPhone.Deploy.0 = Debug|iPhone
		{C02B4CE1-86E1-49C4-92DF-7C447C0A45BE}.Debug|iPhoneSimulator.ActiveCfg = Debug|iPhoneSimulator
		{C02B4CE1-86E1-49C4-92DF-7C447C0A45BE}.Debug|iPhoneSimulator.Build.0 = Debug|iPhoneSimulator
		{C02B4CE1-86E1-49C4-92DF-7C447C0A45BE}.Debug|iPhoneSimulator.Deploy.0 = Debug|iPhoneSimulator
		{C02B4CE1-86E1-49C4-92DF-7C447C0A45BE}.Debug|x64.ActiveCfg = Debug|iPhoneSimulator
		{C02B4CE1-86E1-49C4-92DF-7C447C0A45BE}.Debug|x64.Build.0 = Debug|iPhoneSimulator
		{C02B4CE1-86E1-49C4-92DF-7C447C0A45BE}.Debug|x64.Deploy.0 = Debug|iPhoneSimulator
		{C02B4CE1-86E1-49C4-92DF-7C447C0A45BE}.Debug|x86.ActiveCfg = Debug|iPhoneSimulator
		{C02B4CE1-86E1-49C4-92DF-7C447C0A45BE}.Debug|x86.Build.0 = Debug|iPhoneSimulator
		{C02B4CE1-86E1-49C4-92DF-7C447C0A45BE}.Debug|x86.Deploy.0 = Debug|iPhoneSimulator
		{C02B4CE1-86E1-49C4-92DF-7C447C0A45BE}.Release|Any CPU.ActiveCfg = Release|iPhoneSimulator
		{C02B4CE1-86E1-49C4-92DF-7C447C0A45BE}.Release|Any CPU.Build.0 = Release|iPhoneSimulator
		{C02B4CE1-86E1-49C4-92DF-7C447C0A45BE}.Release|Any CPU.Deploy.0 = Release|iPhoneSimulator
		{C02B4CE1-86E1-49C4-92DF-7C447C0A45BE}.Release|ARM.ActiveCfg = Release|iPhoneSimulator
		{C02B4CE1-86E1-49C4-92DF-7C447C0A45BE}.Release|ARM.Build.0 = Release|iPhoneSimulator
		{C02B4CE1-86E1-49C4-92DF-7C447C0A45BE}.Release|ARM.Deploy.0 = Release|iPhoneSimulator
		{C02B4CE1-86E1-49C4-92DF-7C447C0A45BE}.Release|iPhone.ActiveCfg = Release|iPhone
		{C02B4CE1-86E1-49C4-92DF-7C447C0A45BE}.Release|iPhone.Build.0 = Release|iPhone
		{C02B4CE1-86E1-49C4-92DF-7C447C0A45BE}.Release|iPhone.Deploy.0 = Release|iPhone
		{C02B4CE1-86E1-49C4-92DF-7C447C0A45BE}.Release|iPhoneSimulator.ActiveCfg = Release|iPhoneSimulator
		{C02B4CE1-86E1-49C4-92DF-7C447C0A45BE}.Release|iPhoneSimulator.Build.0 = Release|iPhoneSimulator
		{C02B4CE1-86E1-49C4-92DF-7C447C0A45BE}.Release|iPhoneSimulator.Deploy.0 = Release|iPhoneSimulator
		{C02B4CE1-86E1-49C4-92DF-7C447C0A45BE}.Release|x64.ActiveCfg = Release|iPhoneSimulator
		{C02B4CE1-86E1-49C4-92DF-7C447C0A45BE}.Release|x64.Build.0 = Release|iPhoneSimulator
		{C02B4CE1-86E1-49C4-92DF-7C447C0A45BE}.Release|x64.Deploy.0 = Release|iPhoneSimulator
		{C02B4CE1-86E1-49C4-92DF-7C447C0A45BE}.Release|x86.ActiveCfg = Release|iPhoneSimulator
		{C02B4CE1-86E1-49C4-92DF-7C447C0A45BE}.Release|x86.Build.0 = Release|iPhoneSimulator
		{C02B4CE1-86E1-49C4-92DF-7C447C0A45BE}.Release|x86.Deploy.0 = Release|iPhoneSimulator
		{E40722AC-84D2-44B7-A12B-459444B48282}.Debug|Any CPU.ActiveCfg = Debug|Any CPU
		{E40722AC-84D2-44B7-A12B-459444B48282}.Debug|Any CPU.Build.0 = Debug|Any CPU
		{E40722AC-84D2-44B7-A12B-459444B48282}.Debug|Any CPU.Deploy.0 = Debug|Any CPU
		{E40722AC-84D2-44B7-A12B-459444B48282}.Debug|ARM.ActiveCfg = Debug|Any CPU
		{E40722AC-84D2-44B7-A12B-459444B48282}.Debug|ARM.Build.0 = Debug|Any CPU
		{E40722AC-84D2-44B7-A12B-459444B48282}.Debug|ARM.Deploy.0 = Debug|Any CPU
		{E40722AC-84D2-44B7-A12B-459444B48282}.Debug|iPhone.ActiveCfg = Debug|Any CPU
		{E40722AC-84D2-44B7-A12B-459444B48282}.Debug|iPhone.Build.0 = Debug|Any CPU
		{E40722AC-84D2-44B7-A12B-459444B48282}.Debug|iPhone.Deploy.0 = Debug|Any CPU
		{E40722AC-84D2-44B7-A12B-459444B48282}.Debug|iPhoneSimulator.ActiveCfg = Debug|Any CPU
		{E40722AC-84D2-44B7-A12B-459444B48282}.Debug|iPhoneSimulator.Build.0 = Debug|Any CPU
		{E40722AC-84D2-44B7-A12B-459444B48282}.Debug|iPhoneSimulator.Deploy.0 = Debug|Any CPU
		{E40722AC-84D2-44B7-A12B-459444B48282}.Debug|x64.ActiveCfg = Debug|Any CPU
		{E40722AC-84D2-44B7-A12B-459444B48282}.Debug|x64.Build.0 = Debug|Any CPU
		{E40722AC-84D2-44B7-A12B-459444B48282}.Debug|x64.Deploy.0 = Debug|Any CPU
		{E40722AC-84D2-44B7-A12B-459444B48282}.Debug|x86.ActiveCfg = Debug|Any CPU
		{E40722AC-84D2-44B7-A12B-459444B48282}.Debug|x86.Build.0 = Debug|Any CPU
		{E40722AC-84D2-44B7-A12B-459444B48282}.Debug|x86.Deploy.0 = Debug|Any CPU
		{E40722AC-84D2-44B7-A12B-459444B48282}.Release|Any CPU.ActiveCfg = Release|Any CPU
		{E40722AC-84D2-44B7-A12B-459444B48282}.Release|Any CPU.Build.0 = Release|Any CPU
		{E40722AC-84D2-44B7-A12B-459444B48282}.Release|Any CPU.Deploy.0 = Release|Any CPU
		{E40722AC-84D2-44B7-A12B-459444B48282}.Release|ARM.ActiveCfg = Release|Any CPU
		{E40722AC-84D2-44B7-A12B-459444B48282}.Release|ARM.Build.0 = Release|Any CPU
		{E40722AC-84D2-44B7-A12B-459444B48282}.Release|ARM.Deploy.0 = Release|Any CPU
		{E40722AC-84D2-44B7-A12B-459444B48282}.Release|iPhone.ActiveCfg = Release|Any CPU
		{E40722AC-84D2-44B7-A12B-459444B48282}.Release|iPhone.Build.0 = Release|Any CPU
		{E40722AC-84D2-44B7-A12B-459444B48282}.Release|iPhone.Deploy.0 = Release|Any CPU
		{E40722AC-84D2-44B7-A12B-459444B48282}.Release|iPhoneSimulator.ActiveCfg = Release|Any CPU
		{E40722AC-84D2-44B7-A12B-459444B48282}.Release|iPhoneSimulator.Build.0 = Release|Any CPU
		{E40722AC-84D2-44B7-A12B-459444B48282}.Release|iPhoneSimulator.Deploy.0 = Release|Any CPU
		{E40722AC-84D2-44B7-A12B-459444B48282}.Release|x64.ActiveCfg = Release|Any CPU
		{E40722AC-84D2-44B7-A12B-459444B48282}.Release|x64.Build.0 = Release|Any CPU
		{E40722AC-84D2-44B7-A12B-459444B48282}.Release|x64.Deploy.0 = Release|Any CPU
		{E40722AC-84D2-44B7-A12B-459444B48282}.Release|x86.ActiveCfg = Release|Any CPU
		{E40722AC-84D2-44B7-A12B-459444B48282}.Release|x86.Build.0 = Release|Any CPU
		{E40722AC-84D2-44B7-A12B-459444B48282}.Release|x86.Deploy.0 = Release|Any CPU
	EndGlobalSection
	GlobalSection(SolutionProperties) = preSolution
		HideSolutionNode = FALSE
	EndGlobalSection
	GlobalSection(ExtensibilityGlobals) = postSolution
		SolutionGuid = {57CDBB9E-D5EC-4EFB-990A-6BAF642115B3}
	EndGlobalSection
EndGlobal
